
Microsoft Visual Studio Solution File, Format Version 12.00
# Visual Studio Version 17
VisualStudioVersion = 17.5.002.0
MinimumVisualStudioVersion = 10.0.40219.1
Project("{9A19103F-16F7-4668-BE54-9A1E7A4F7556}") = "Aiursoft.ChessServer", "Aiursoft.ChessServer.csproj", "{D98D0049-4854-441F-80EB-CE5CB6A6F82E}"
EndProject
Global
	GlobalSection(SolutionConfigurationPlatforms) = preSolution
		Debug|Any CPU = Debug|Any CPU
		Release|Any CPU = Release|Any CPU
	EndGlobalSection
	GlobalSection(ProjectConfigurationPlatforms) = postSolution
		{D98D0049-4854-441F-80EB-CE5CB6A6F82E}.Debug|Any CPU.ActiveCfg = Debug|Any CPU
		{D98D0049-4854-441F-80EB-CE5CB6A6F82E}.Debug|Any CPU.Build.0 = Debug|Any CPU
		{D98D0049-4854-441F-80EB-CE5CB6A6F82E}.Release|Any CPU.ActiveCfg = Release|Any CPU
		{D98D0049-4854-441F-80EB-CE5CB6A6F82E}.Release|Any CPU.Build.0 = Release|Any CPU
	EndGlobalSection
	GlobalSection(SolutionProperties) = preSolution
		HideSolutionNode = FALSE
	EndGlobalSection
	GlobalSection(ExtensibilityGlobals) = postSolution
		SolutionGuid = {69CD7AC4-0BEF-4640-A27A-3F0B15E89D04}
	EndGlobalSection
EndGlobal
